
Microsoft Visual Studio Solution File, Format Version 12.00
# Visual Studio 15
VisualStudioVersion = 15.0.28307.168
MinimumVisualStudioVersion = 10.0.40219.1
Project("{FAE04EC0-301F-11D3-BF4B-00C04F79EFBC}") = "gitstat", "gitstat\gitstat.csproj", "{A7A930D5-BFD7-46A8-9128-71DC3CEF6A73}"
EndProject
Global
	GlobalSection(SolutionConfigurationPlatforms) = preSolution
		Debug|Any CPU = Debug|Any CPU
		Release|Any CPU = Release|Any CPU
	EndGlobalSection
	GlobalSection(ProjectConfigurationPlatforms) = postSolution
		{A7A930D5-BFD7-46A8-9128-71DC3CEF6A73}.Debug|Any CPU.ActiveCfg = Debug|Any CPU
		{A7A930D5-BFD7-46A8-9128-71DC3CEF6A73}.Debug|Any CPU.Build.0 = Debug|Any CPU
		{A7A930D5-BFD7-46A8-9128-71DC3CEF6A73}.Release|Any CPU.ActiveCfg = Release|Any CPU
		{A7A930D5-BFD7-46A8-9128-71DC3CEF6A73}.Release|Any CPU.Build.0 = Release|Any CPU
	EndGlobalSection
	GlobalSection(SolutionProperties) = preSolution
		HideSolutionNode = FALSE
	EndGlobalSection
	GlobalSection(ExtensibilityGlobals) = postSolution
		SolutionGuid = {2BB80D68-2199-466D-BD5B-53138D110E50}
	EndGlobalSection
EndGlobal
